
Microsoft Visual Studio Solution File, Format Version 12.00
# Visual Studio Version 16
VisualStudioVersion = 16.0.34601.136
MinimumVisualStudioVersion = 10.0.40219.1
Project("{C9674DCB-5085-4A16-B785-4C70DD1589BD}") = "DBPetStore DM Solution", "DBPetStore DM Solution\DBPetStore DM Solution.dtproj", "{DD317690-D5F7-4DEB-8562-58EDBD6AC6CC}"
EndProject
Global
	GlobalSection(SolutionConfigurationPlatforms) = preSolution
		Development|Default = Development|Default
	EndGlobalSection
	GlobalSection(ProjectConfigurationPlatforms) = postSolution
		{DD317690-D5F7-4DEB-8562-58EDBD6AC6CC}.Development|Default.ActiveCfg = Development
		{DD317690-D5F7-4DEB-8562-58EDBD6AC6CC}.Development|Default.Build.0 = Development
	EndGlobalSection
	GlobalSection(SolutionProperties) = preSolution
		HideSolutionNode = FALSE
	EndGlobalSection
	GlobalSection(ExtensibilityGlobals) = postSolution
		SolutionGuid = {169E3E83-3DDF-4711-94F5-9B0EC4026075}
	EndGlobalSection
EndGlobal
